
Microsoft Visual Studio Solution File, Format Version 12.00
# Visual Studio Version 16
VisualStudioVersion = 16.0.31729.503
MinimumVisualStudioVersion = 10.0.40219.1
Project("{FAE04EC0-301F-11D3-BF4B-00C04F79EFBC}") = "Result", "Result.csproj", "{0EC06630-E680-47AA-ACED-3C02A5716285}"
EndProject
Global
	GlobalSection(SolutionConfigurationPlatforms) = preSolution
		Debug|Any CPU = Debug|Any CPU
		Release|Any CPU = Release|Any CPU
	EndGlobalSection
	GlobalSection(ProjectConfigurationPlatforms) = postSolution
		{0EC06630-E680-47AA-ACED-3C02A5716285}.Debug|Any CPU.ActiveCfg = Debug|Any CPU
		{0EC06630-E680-47AA-ACED-3C02A5716285}.Debug|Any CPU.Build.0 = Debug|Any CPU
		{0EC06630-E680-47AA-ACED-3C02A5716285}.Release|Any CPU.ActiveCfg = Release|Any CPU
		{0EC06630-E680-47AA-ACED-3C02A5716285}.Release|Any CPU.Build.0 = Release|Any CPU
	EndGlobalSection
	GlobalSection(SolutionProperties) = preSolution
		HideSolutionNode = FALSE
	EndGlobalSection
	GlobalSection(ExtensibilityGlobals) = postSolution
		SolutionGuid = {B58A8453-3996-4EC1-B8EC-2B5F3AB2BE65}
	EndGlobalSection
EndGlobal
